
Microsoft Visual Studio Solution File, Format Version 12.00
# Visual Studio Version 17
VisualStudioVersion = 17.6.33712.159
MinimumVisualStudioVersion = 10.0.40219.1
Project("{FAE04EC0-301F-11D3-BF4B-00C04F79EFBC}") = "DeveloperPortfolio.Web", "DeveloperPortfolio.Web\DeveloperPortfolio.Web.csproj", "{9BBA37AE-DBF1-40CF-8959-ABD8801CAE46}"
EndProject
Project("{FAE04EC0-301F-11D3-BF4B-00C04F79EFBC}") = "DeveloperPortfolio.Api", "DeveloperPortfolio.Api\DeveloperPortfolio.Api.csproj", "{A7165C62-50AE-482A-AA11-23D28EBEECE7}"
EndProject
Global
	GlobalSection(SolutionConfigurationPlatforms) = preSolution
		Debug|Any CPU = Debug|Any CPU
		Release|Any CPU = Release|Any CPU
	EndGlobalSection
	GlobalSection(ProjectConfigurationPlatforms) = postSolution
		{9BBA37AE-DBF1-40CF-8959-ABD8801CAE46}.Debug|Any CPU.ActiveCfg = Debug|Any CPU
		{9BBA37AE-DBF1-40CF-8959-ABD8801CAE46}.Debug|Any CPU.Build.0 = Debug|Any CPU
		{9BBA37AE-DBF1-40CF-8959-ABD8801CAE46}.Release|Any CPU.ActiveCfg = Release|Any CPU
		{9BBA37AE-DBF1-40CF-8959-ABD8801CAE46}.Release|Any CPU.Build.0 = Release|Any CPU
		{A7165C62-50AE-482A-AA11-23D28EBEECE7}.Debug|Any CPU.ActiveCfg = Debug|Any CPU
		{A7165C62-50AE-482A-AA11-23D28EBEECE7}.Debug|Any CPU.Build.0 = Debug|Any CPU
		{A7165C62-50AE-482A-AA11-23D28EBEECE7}.Release|Any CPU.ActiveCfg = Release|Any CPU
		{A7165C62-50AE-482A-AA11-23D28EBEECE7}.Release|Any CPU.Build.0 = Release|Any CPU
	EndGlobalSection
	GlobalSection(SolutionProperties) = preSolution
		HideSolutionNode = FALSE
	EndGlobalSection
	GlobalSection(ExtensibilityGlobals) = postSolution
		SolutionGuid = {4C6619C3-D831-4180-958B-5DA36CF4DD6E}
	EndGlobalSection
EndGlobal
